
Microsoft Visual Studio Solution File, Format Version 12.00
# Visual Studio Version 17
VisualStudioVersion = 17.8.34525.116
MinimumVisualStudioVersion = 10.0.40219.1
Project("{FAE04EC0-301F-11D3-BF4B-00C04F79EFBC}") = "FirstProject", "FirstProject\FirstProject.csproj", "{EDED04EC-F034-4516-8E31-58726711F035}"
EndProject
Global
	GlobalSection(SolutionConfigurationPlatforms) = preSolution
		Debug|Any CPU = Debug|Any CPU
		Release|Any CPU = Release|Any CPU
	EndGlobalSection
	GlobalSection(ProjectConfigurationPlatforms) = postSolution
		{EDED04EC-F034-4516-8E31-58726711F035}.Debug|Any CPU.ActiveCfg = Debug|Any CPU
		{EDED04EC-F034-4516-8E31-58726711F035}.Debug|Any CPU.Build.0 = Debug|Any CPU
		{EDED04EC-F034-4516-8E31-58726711F035}.Release|Any CPU.ActiveCfg = Release|Any CPU
		{EDED04EC-F034-4516-8E31-58726711F035}.Release|Any CPU.Build.0 = Release|Any CPU
	EndGlobalSection
	GlobalSection(SolutionProperties) = preSolution
		HideSolutionNode = FALSE
	EndGlobalSection
	GlobalSection(ExtensibilityGlobals) = postSolution
		SolutionGuid = {BF4AA7AE-907F-48C5-9062-002E022B622C}
	EndGlobalSection
EndGlobal
